// !$*UTF8*$!
{
	archiveVersion = 1;
	classes = {
	};
	objectVersion = 46;
	objects = {

/* Begin PBXBuildFile section */
		C036410B19C9E1FF0096185A /* AppDelegate.swift in Sources */ = {isa = PBXBuildFile; fileRef = C036410A19C9E1FF0096185A /* AppDelegate.swift */; };
		C036410D19C9E1FF0096185A /* ViewController.swift in Sources */ = {isa = PBXBuildFile; fileRef = C036410C19C9E1FF0096185A /* ViewController.swift */; };
		C036411019C9E1FF0096185A /* Main.storyboard in Resources */ = {isa = PBXBuildFile; fileRef = C036410E19C9E1FF0096185A /* Main.storyboard */; };
		C036411219C9E1FF0096185A /* Images.xcassets in Resources */ = {isa = PBXBuildFile; fileRef = C036411119C9E1FF0096185A /* Images.xcassets */; };
		C036411519C9E1FF0096185A /* LaunchScreen.xib in Resources */ = {isa = PBXBuildFile; fileRef = C036411319C9E1FF0096185A /* LaunchScreen.xib */; };
		C036412119C9E1FF0096185A /* SplitAndPopoverTests.swift in Sources */ = {isa = PBXBuildFile; fileRef = C036412019C9E1FF0096185A /* SplitAndPopoverTests.swift */; };
/* End PBXBuildFile section */

/* Begin PBXContainerItemProxy section */
		C036411B19C9E1FF0096185A /* PBXContainerItemProxy */ = {
			isa = PBXContainerItemProxy;
			containerPortal = C03640FD19C9E1FF0096185A /* Project object */;
			proxyType = 1;
			remoteGlobalIDString = C036410419C9E1FF0096185A;
			remoteInfo = SplitAndPopover;
		};
/* End PBXContainerItemProxy section */

/* Begin PBXFileReference section */
		C036410519C9E1FF0096185A /* SplitAndPopover.app */ = {isa = PBXFileReference; explicitFileType = wrapper.application; includeInIndex = 0; path = SplitAndPopover.app; sourceTree = BUILT_PRODUCTS_DIR; };
		C036410919C9E1FF0096185A /* Info.plist */ = {isa = PBXFileReference; lastKnownFileType = text.plist.xml; path = Info.plist; sourceTree = "<group>"; };
		C036410A19C9E1FF0096185A /* AppDelegate.swift */ = {isa = PBXFileReference; lastKnownFileType = sourcecode.swift; path = AppDelegate.swift; sourceTree = "<group>"; };
		C036410C19C9E1FF0096185A /* ViewController.swift */ = {isa = PBXFileReference; lastKnownFileType = sourcecode.swift; path = ViewController.swift; sourceTree = "<group>"; };
		C036410F19C9E1FF0096185A /* Base */ = {isa = PBXFileReference; lastKnownFileType = file.storyboard; name = Base; path = Base.lproj/Main.storyboard; sourceTree = "<group>"; };
		C036411119C9E1FF0096185A /* Images.xcassets */ = {isa = PBXFileReference; lastKnownFileType = folder.assetcatalog; path = Images.xcassets; sourceTree = "<group>"; };
		C036411419C9E1FF0096185A /* Base */ = {isa = PBXFileReference; lastKnownFileType = file.xib; name = Base; path = Base.lproj/LaunchScreen.xib; sourceTree = "<group>"; };
		C036411A19C9E1FF0096185A /* SplitAndPopoverTests.xctest */ = {isa = PBXFileReference; explicitFileType = wrapper.cfbundle; includeInIndex = 0; path = SplitAndPopoverTests.xctest; sourceTree = BUILT_PRODUCTS_DIR; };
		C036411F19C9E1FF0096185A /* Info.plist */ = {isa = PBXFileReference; lastKnownFileType = text.plist.xml; path = Info.plist; sourceTree = "<group>"; };
		C036412019C9E1FF0096185A /* SplitAndPopoverTests.swift */ = {isa = PBXFileReference; lastKnownFileType = sourcecode.swift; path = SplitAndPopoverTests.swift; sourceTree = "<group>"; };
/* End PBXFileReference section */

/* Begin PBXFrameworksBuildPhase section */
		C036410219C9E1FF0096185A /* Frameworks */ = {
			isa = PBXFrameworksBuildPhase;
			buildActionMask = 2147483647;
			files = (
			);
			runOnlyForDeploymentPostprocessing = 0;
		};
		C036411719C9E1FF0096185A /* Frameworks */ = {
			isa = PBXFrameworksBuildPhase;
			buildActionMask = 2147483647;
			files = (
			);
			runOnlyForDeploymentPostprocessing = 0;
		};
/* End PBXFrameworksBuildPhase section */

/* Begin PBXGroup section */
		C03640FC19C9E1FF0096185A = {
			isa = PBXGroup;
			children = (
				C036410719C9E1FF0096185A /* SplitAndPopover */,
				C036411D19C9E1FF0096185A /* SplitAndPopoverTests */,
				C036410619C9E1FF0096185A /* Products */,
			);
			sourceTree = "<group>";
		};
		C036410619C9E1FF0096185A /* Products */ = {
			isa = PBXGroup;
			children = (
				C036410519C9E1FF0096185A /* SplitAndPopover.app */,
				C036411A19C9E1FF0096185A /* SplitAndPopoverTests.xctest */,
			);
			name = Products;
			sourceTree = "<group>";
		};
		C036410719C9E1FF0096185A /* SplitAndPopover */ = {
			isa = PBXGroup;
			children = (
				C036410A19C9E1FF0096185A /* AppDelegate.swift */,
				C036410C19C9E1FF0096185A /* ViewController.swift */,
				C036410E19C9E1FF0096185A /* Main.storyboard */,
				C036411119C9E1FF0096185A /* Images.xcassets */,
				C036411319C9E1FF0096185A /* LaunchScreen.xib */,
				C036410819C9E1FF0096185A /* Supporting Files */,
			);
			path = SplitAndPopover;
			sourceTree = "<group>";
		};
		C036410819C9E1FF0096185A /* Supporting Files */ = {
			isa = PBXGroup;
			children = (
				C036410919C9E1FF0096185A /* Info.plist */,
			);
			name = "Supporting Files";
			sourceTree = "<group>";
		};
		C036411D19C9E1FF0096185A /* SplitAndPopoverTests */ = {
			isa = PBXGroup;
			children = (
				C036412019C9E1FF0096185A /* SplitAndPopoverTests.swift */,
				C036411E19C9E1FF0096185A /* Supporting Files */,
			);
			path = SplitAndPopoverTests;
			sourceTree = "<group>";
		};
		C036411E19C9E1FF0096185A /* Supporting Files */ = {
			isa = PBXGroup;
			children = (
				C036411F19C9E1FF0096185A /* Info.plist */,
			);
			name = "Supporting Files";
			sourceTree = "<group>";
		};
/* End PBXGroup section */

/* Begin PBXNativeTarget section */
		C036410419C9E1FF0096185A /* SplitAndPopover */ = {
			isa = PBXNativeTarget;
			buildConfigurationList = C036412419C9E1FF0096185A /* Build configuration list for PBXNativeTarget "SplitAndPopover" */;
			buildPhases = (
				C036410119C9E1FF0096185A /* Sources */,
				C036410219C9E1FF0096185A /* Frameworks */,
				C036410319C9E1FF0096185A /* Resources */,
			);
			buildRules = (
			);
			dependencies = (
			);
			name = SplitAndPopover;
			productName = SplitAndPopover;
			productReference = C036410519C9E1FF0096185A /* SplitAndPopover.app */;
			productType = "com.apple.product-type.application";
		};
		C036411919C9E1FF0096185A /* SplitAndPopoverTests */ = {
			isa = PBXNativeTarget;
			buildConfigurationList = C036412719C9E1FF0096185A /* Build configuration list for PBXNativeTarget "SplitAndPopoverTests" */;
			buildPhases = (
				C036411619C9E1FF0096185A /* Sources */,
				C036411719C9E1FF0096185A /* Frameworks */,
				C036411819C9E1FF0096185A /* Resources */,
			);
			buildRules = (
			);
			dependencies = (
				C036411C19C9E1FF0096185A /* PBXTargetDependency */,
			);
			name = SplitAndPopoverTests;
			productName = SplitAndPopoverTests;
			productReference = C036411A19C9E1FF0096185A /* SplitAndPopoverTests.xctest */;
			productType = "com.apple.product-type.bundle.unit-test";
		};
/* End PBXNativeTarget section */

/* Begin PBXProject section */
		C03640FD19C9E1FF0096185A /* Project object */ = {
			isa = PBXProject;
			attributes = {
				LastUpgradeCheck = 0600;
				ORGANIZATIONNAME = Appcoda;
				TargetAttributes = {
					C036410419C9E1FF0096185A = {
						CreatedOnToolsVersion = 6.0;
					};
					C036411919C9E1FF0096185A = {
						CreatedOnToolsVersion = 6.0;
						TestTargetID = C036410419C9E1FF0096185A;
					};
				};
			};
			buildConfigurationList = C036410019C9E1FF0096185A /* Build configuration list for PBXProject "SplitAndPopover" */;
			compatibilityVersion = "Xcode 3.2";
			developmentRegion = English;
			hasScannedForEncodings = 0;
			knownRegions = (
				en,
				Base,
			);
			mainGroup = C03640FC19C9E1FF0096185A;
			productRefGroup = C036410619C9E1FF0096185A /* Products */;
			projectDirPath = "";
			projectRoot = "";
			targets = (
				C036410419C9E1FF0096185A /* SplitAndPopover */,
				C036411919C9E1FF0096185A /* SplitAndPopoverTests */,
			);
		};
/* End PBXProject section */

/* Begin PBXResourcesBuildPhase section */
		C036410319C9E1FF0096185A /* Resources */ = {
			isa = PBXResourcesBuildPhase;
			buildActionMask = 2147483647;
			files = (
				C036411019C9E1FF0096185A /* Main.storyboard in Resources */,
				C036411519C9E1FF0096185A /* LaunchScreen.xib in Resources */,
				C036411219C9E1FF0096185A /* Images.xcassets in Resources */,
			);
			runOnlyForDeploymentPostprocessing = 0;
		};
		C036411819C9E1FF0096185A /* Resources */ = {
			isa = PBXResourcesBuildPhase;
			buildActionMask = 2147483647;
			files = (
			);
			runOnlyForDeploymentPostprocessing = 0;
		};
/* End PBXResourcesBuildPhase section */

/* Begin PBXSourcesBuildPhase section */
		C036410119C9E1FF0096185A /* Sources */ = {
			isa = PBXSourcesBuildPhase;
			buildActionMask = 2147483647;
			files = (
				C036410D19C9E1FF0096185A /* ViewController.swift in Sources */,
				C036410B19C9E1FF0096185A /* AppDelegate.swift in Sources */,
			);
			runOnlyForDeploymentPostprocessing = 0;
		};
		C036411619C9E1FF0096185A /* Sources */ = {
			isa = PBXSourcesBuildPhase;
			buildActionMask = 2147483647;
			files = (
				C036412119C9E1FF0096185A /* SplitAndPopoverTests.swift in Sources */,
			);
			runOnlyForDeploymentPostprocessing = 0;
		};
/* End PBXSourcesBuildPhase section */

/* Begin PBXTargetDependency section */
		C036411C19C9E1FF0096185A /* PBXTargetDependency */ = {
			isa = PBXTargetDependency;
			target = C036410419C9E1FF0096185A /* SplitAndPopover */;
			targetProxy = C036411B19C9E1FF0096185A /* PBXContainerItemProxy */;
		};
/* End PBXTargetDependency section */

/* Begin PBXVariantGroup section */
		C036410E19C9E1FF0096185A /* Main.storyboard */ = {
			isa = PBXVariantGroup;
			children = (
				C036410F19C9E1FF0096185A /* Base */,
			);
			name = Main.storyboard;
			sourceTree = "<group>";
		};
		C036411319C9E1FF0096185A /* LaunchScreen.xib */ = {
			isa = PBXVariantGroup;
			children = (
				C036411419C9E1FF0096185A /* Base */,
			);
			name = LaunchScreen.xib;
			sourceTree = "<group>";
		};
/* End PBXVariantGroup section */

/* Begin XCBuildConfiguration section */
		C036412219C9E1FF0096185A /* Debug */ = {
			isa = XCBuildConfiguration;
			buildSettings = {
				ALWAYS_SEARCH_USER_PATHS = NO;
				CLANG_CXX_LANGUAGE_STANDARD = "gnu++0x";
				CLANG_CXX_LIBRARY = "libc++";
				CLANG_ENABLE_MODULES = YES;
				CLANG_ENABLE_OBJC_ARC = YES;
				CLANG_WARN_BOOL_CONVERSION = YES;
				CLANG_WARN_CONSTANT_CONVERSION = YES;
				CLANG_WARN_DIRECT_OBJC_ISA_USAGE = YES_ERROR;
				CLANG_WARN_EMPTY_BODY = YES;
				CLANG_WARN_ENUM_CONVERSION = YES;
				CLANG_WARN_INT_CONVERSION = YES;
				CLANG_WARN_OBJC_ROOT_CLASS = YES_ERROR;
				CLANG_WARN_UNREACHABLE_CODE = YES;
				CLANG_WARN__DUPLICATE_METHOD_MATCH = YES;
				"CODE_SIGN_IDENTITY[sdk=iphoneos*]" = "iPhone Developer";
				COPY_PHASE_STRIP = NO;
				ENABLE_STRICT_OBJC_MSGSEND = YES;
				GCC_C_LANGUAGE_STANDARD = gnu99;
				GCC_DYNAMIC_NO_PIC = NO;
				GCC_OPTIMIZATION_LEVEL = 0;
				GCC_PREPROCESSOR_DEFINITIONS = (
					"DEBUG=1",
					"$(inherited)",
				);
				GCC_SYMBOLS_PRIVATE_EXTERN = NO;
				GCC_WARN_64_TO_32_BIT_CONVERSION = YES;
				GCC_WARN_ABOUT_RETURN_TYPE = YES_ERROR;
				GCC_WARN_UNDECLARED_SELECTOR = YES;
				GCC_WARN_UNINITIALIZED_AUTOS = YES_AGGRESSIVE;
				GCC_WARN_UNUSED_FUNCTION = YES;
				GCC_WARN_UNUSED_VARIABLE = YES;
				IPHONEOS_DEPLOYMENT_TARGET = 8.0;
				MTL_ENABLE_DEBUG_INFO = YES;
				ONLY_ACTIVE_ARCH = YES;
				SDKROOT = iphoneos;
				SWIFT_OPTIMIZATION_LEVEL = "-Onone";
			};
			name = Debug;
		};
		C036412319C9E1FF0096185A /* Release */ = {
			isa = XCBuildConfiguration;
			buildSettings = {
				ALWAYS_SEARCH_USER_PATHS = NO;
				CLANG_CXX_LANGUAGE_STANDARD = "gnu++0x";
				CLANG_CXX_LIBRARY = "libc++";
				CLANG_ENABLE_MODULES = YES;
				CLANG_ENABLE_OBJC_ARC = YES;
				CLANG_WARN_BOOL_CONVERSION = YES;
				CLANG_WARN_CONSTANT_CONVERSION = YES;
				CLANG_WARN_DIRECT_OBJC_ISA_USAGE = YES_ERROR;
				CLANG_WARN_EMPTY_BODY = YES;
				CLANG_WARN_ENUM_CONVERSION = YES;
				CLANG_WARN_INT_CONVERSION = YES;
				CLANG_WARN_OBJC_ROOT_CLASS = YES_ERROR;
				CLANG_WARN_UNREACHABLE_CODE = YES;
				CLANG_WARN__DUPLICATE_METHOD_MATCH = YES;
				"CODE_SIGN_IDENTITY[sdk=iphoneos*]" = "iPhone Developer";
				COPY_PHASE_STRIP = YES;
				ENABLE_NS_ASSERTIONS = NO;
				ENABLE_STRICT_OBJC_MSGSEND = YES;
				GCC_C_LANGUAGE_STANDARD = gnu99;
				GCC_WARN_64_TO_32_BIT_CONVERSION = YES;
				GCC_WARN_ABOUT_RETURN_TYPE = YES_ERROR;
				GCC_WARN_UNDECLARED_SELECTOR = YES;
				GCC_WARN_UNINITIALIZED_AUTOS = YES_AGGRESSIVE;
				GCC_WARN_UNUSED_FUNCTION = YES;
				GCC_WARN_UNUSED_VARIABLE = YES;
				IPHONEOS_DEPLOYMENT_TARGET = 8.0;
				MTL_ENABLE_DEBUG_INFO = NO;
				SDKROOT = iphoneos;
				VALIDATE_PRODUCT = YES;
			};
			name = Release;
		};
		C036412519C9E1FF0096185A /* Debug */ = {
			isa = XCBuildConfiguration;
			buildSettings = {
				ASSETCATALOG_COMPILER_APPICON_NAME = AppIcon;
				INFOPLIST_FILE = SplitAndPopover/Info.plist;
				LD_RUNPATH_SEARCH_PATHS = "$(inherited) @executable_path/Frameworks";
				PRODUCT_NAME = "$(TARGET_NAME)";
			};
			name = Debug;
		};
		C036412619C9E1FF0096185A /* Release */ = {
			isa = XCBuildConfiguration;
			buildSettings = {
				ASSETCATALOG_COMPILER_APPICON_NAME = AppIcon;
				INFOPLIST_FILE = SplitAndPopover/Info.plist;
				LD_RUNPATH_SEARCH_PATHS = "$(inherited) @executable_path/Frameworks";
				PRODUCT_NAME = "$(TARGET_NAME)";
			};
			name = Release;
		};
		C036412819C9E1FF0096185A /* Debug */ = {
			isa = XCBuildConfiguration;
			buildSettings = {
				BUNDLE_LOADER = "$(TEST_HOST)";
				FRAMEWORK_SEARCH_PATHS = (
					"$(SDKROOT)/Developer/Library/Frameworks",
					"$(inherited)",
				);
				GCC_PREPROCESSOR_DEFINITIONS = (
					"DEBUG=1",
					"$(inherited)",
				);
				INFOPLIST_FILE = SplitAndPopoverTests/Info.plist;
				LD_RUNPATH_SEARCH_PATHS = "$(inherited) @executable_path/Frameworks @loader_path/Frameworks";
				PRODUCT_NAME = "$(TARGET_NAME)";
				TEST_HOST = "$(BUILT_PRODUCTS_DIR)/SplitAndPopover.app/SplitAndPopover";
			};
			name = Debug;
		};
		C036412919C9E1FF0096185A /* Release */ = {
			isa = XCBuildConfiguration;
			buildSettings = {
				BUNDLE_LOADER = "$(TEST_HOST)";
				FRAMEWORK_SEARCH_PATHS = (
					"$(SDKROOT)/Developer/Library/Frameworks",
					"$(inherited)",
				);
				INFOPLIST_FILE = SplitAndPopoverTests/Info.plist;
				LD_RUNPATH_SEARCH_PATHS = "$(inherited) @executable_path/Frameworks @loader_path/Frameworks";
				PRODUCT_NAME = "$(TARGET_NAME)";
				TEST_HOST = "$(BUILT_PRODUCTS_DIR)/SplitAndPopover.app/SplitAndPopover";
			};
			name = Release;
		};
/* End XCBuildConfiguration section */

/* Begin XCConfigurationList section */
		C036410019C9E1FF0096185A /* Build configuration list for PBXProject "SplitAndPopover" */ = {
			isa = XCConfigurationList;
			buildConfigurations = (
				C036412219C9E1FF0096185A /* Debug */,
				C036412319C9E1FF0096185A /* Release */,
			);
			defaultConfigurationIsVisible = 0;
			defaultConfigurationName = Release;
		};
		C036412419C9E1FF0096185A /* Build configuration list for PBXNativeTarget "SplitAndPopover" */ = {
			isa = XCConfigurationList;
			buildConfigurations = (
				C036412519C9E1FF0096185A /* Debug */,
				C036412619C9E1FF0096185A /* Release */,
			);
			defaultConfigurationIsVisible = 0;
		};
		C036412719C9E1FF0096185A /* Build configuration list for PBXNativeTarget "SplitAndPopoverTests" */ = {
			isa = XCConfigurationList;
			buildConfigurations = (
				C036412819C9E1FF0096185A /* Debug */,
				C036412919C9E1FF0096185A /* Release */,
			);
			defaultConfigurationIsVisible = 0;
		};
/* End XCConfigurationList section */
	};
	rootObject = C03640FD19C9E1FF0096185A /* Project object */;
}
